
Microsoft Visual Studio Solution File, Format Version 12.00
# Visual Studio Version 17
VisualStudioVersion = 17.7.34202.233
MinimumVisualStudioVersion = 10.0.40219.1
Project("{9A19103F-16F7-4668-BE54-9A1E7A4F7556}") = "DevFreela.API", "DevFreela.API\DevFreela.API.csproj", "{B1D0A4DA-72C5-4959-ABC4-20A22BBC5CE2}"
EndProject
Project("{FAE04EC0-301F-11D3-BF4B-00C04F79EFBC}") = "DevFreela.Core", "DevFreela.Core\DevFreela.Core.csproj", "{4E78830C-7255-4085-A365-218F13F371C3}"
EndProject
Global
	GlobalSection(SolutionConfigurationPlatforms) = preSolution
		Debug|Any CPU = Debug|Any CPU
		Debug|x64 = Debug|x64
		Release|Any CPU = Release|Any CPU
		Release|x64 = Release|x64
	EndGlobalSection
	GlobalSection(ProjectConfigurationPlatforms) = postSolution
		{B1D0A4DA-72C5-4959-ABC4-20A22BBC5CE2}.Debug|Any CPU.ActiveCfg = Debug|Any CPU
		{B1D0A4DA-72C5-4959-ABC4-20A22BBC5CE2}.Debug|Any CPU.Build.0 = Debug|Any CPU
		{B1D0A4DA-72C5-4959-ABC4-20A22BBC5CE2}.Debug|x64.ActiveCfg = Debug|x64
		{B1D0A4DA-72C5-4959-ABC4-20A22BBC5CE2}.Debug|x64.Build.0 = Debug|x64
		{B1D0A4DA-72C5-4959-ABC4-20A22BBC5CE2}.Release|Any CPU.ActiveCfg = Release|Any CPU
		{B1D0A4DA-72C5-4959-ABC4-20A22BBC5CE2}.Release|Any CPU.Build.0 = Release|Any CPU
		{B1D0A4DA-72C5-4959-ABC4-20A22BBC5CE2}.Release|x64.ActiveCfg = Release|x64
		{B1D0A4DA-72C5-4959-ABC4-20A22BBC5CE2}.Release|x64.Build.0 = Release|x64
		{4E78830C-7255-4085-A365-218F13F371C3}.Debug|Any CPU.ActiveCfg = Debug|Any CPU
		{4E78830C-7255-4085-A365-218F13F371C3}.Debug|Any CPU.Build.0 = Debug|Any CPU
		{4E78830C-7255-4085-A365-218F13F371C3}.Debug|x64.ActiveCfg = Debug|Any CPU
		{4E78830C-7255-4085-A365-218F13F371C3}.Debug|x64.Build.0 = Debug|Any CPU
		{4E78830C-7255-4085-A365-218F13F371C3}.Release|Any CPU.ActiveCfg = Release|Any CPU
		{4E78830C-7255-4085-A365-218F13F371C3}.Release|Any CPU.Build.0 = Release|Any CPU
		{4E78830C-7255-4085-A365-218F13F371C3}.Release|x64.ActiveCfg = Release|Any CPU
		{4E78830C-7255-4085-A365-218F13F371C3}.Release|x64.Build.0 = Release|Any CPU
	EndGlobalSection
	GlobalSection(SolutionProperties) = preSolution
		HideSolutionNode = FALSE
	EndGlobalSection
	GlobalSection(ExtensibilityGlobals) = postSolution
		SolutionGuid = {B3BB2B39-E462-4D78-AEBC-5C4B856DA1D1}
	EndGlobalSection
EndGlobal
